
Microsoft Visual Studio Solution File, Format Version 12.00
# Visual Studio Version 17
VisualStudioVersion = 17.2.32630.192
MinimumVisualStudioVersion = 10.0.40219.1
Project("{8BC9CEB8-8B4A-11D0-8D11-00A0C91BC942}") = "NULLTerminatedLines", "NULLTerminatedLines.vcxproj", "{0997AEA9-6ABB-4E36-BB23-089019F7EDD9}"
EndProject
Project("{8BC9CEB8-8B4A-11D0-8D11-00A0C91BC942}") = "IntroductionToOOP", "..\IntroductionToOOP\IntroductionToOOP.vcxproj", "{392D27B9-C2F1-49A8-8B9B-190C2B67CDE2}"
EndProject
Project("{8BC9CEB8-8B4A-11D0-8D11-00A0C91BC942}") = "Fraction", "..\Fraction\Fraction.vcxproj", "{4C770AC5-888F-4443-AA3C-57BFF4E928E8}"
EndProject
Project("{8BC9CEB8-8B4A-11D0-8D11-00A0C91BC942}") = "String", "..\String\String.vcxproj", "{9CA8C5F8-496D-46FB-820E-EF789C46A2A1}"
EndProject
Project("{8BC9CEB8-8B4A-11D0-8D11-00A0C91BC942}") = "Academy", "..\Academy\Academy.vcxproj", "{8EA21C60-3F30-470C-A363-BB69B226DCBE}"
EndProject
Project("{8BC9CEB8-8B4A-11D0-8D11-00A0C91BC942}") = "Files", "..\Files\Files.vcxproj", "{FCA2EA39-2E66-49B7-B66B-E652CB20C5D3}"
EndProject
Project("{8BC9CEB8-8B4A-11D0-8D11-00A0C91BC942}") = "RAW", "..\RAW\RAW.vcxproj", "{397DD51F-28F5-43CC-8F68-BBD66A6FA579}"
EndProject
Project("{8BC9CEB8-8B4A-11D0-8D11-00A0C91BC942}") = "Geometry", "..\Geometry\Geometry.vcxproj", "{7BCF5162-9F1E-4D7B-A4CF-A0AD2C5C0DFA}"
EndProject
Project("{8BC9CEB8-8B4A-11D0-8D11-00A0C91BC942}") = "List", "..\List\List.vcxproj", "{66E0F9CE-28E7-4ABA-8C48-1C3D13D22C0F}"
EndProject
Project("{8BC9CEB8-8B4A-11D0-8D11-00A0C91BC942}") = "List2", "..\List2\List2.vcxproj", "{A6F28E06-1CA8-45B8-8AC1-0D77F7D804F7}"
EndProject
Project("{8BC9CEB8-8B4A-11D0-8D11-00A0C91BC942}") = "ListTemplate", "..\ListTemplate\ListTemplate.vcxproj", "{533D2F12-1F78-47FE-8764-86D5E6F4D13B}"
EndProject
Project("{8BC9CEB8-8B4A-11D0-8D11-00A0C91BC942}") = "BinaryTree", "..\BinaryTree\BinaryTree.vcxproj", "{D41D013C-F1B2-4E0E-A3A8-0935F5B3957D}"
EndProject
Project("{8BC9CEB8-8B4A-11D0-8D11-00A0C91BC942}") = "STL", "..\STL\STL.vcxproj", "{502314BD-361B-4CDB-A874-889ADC590795}"
EndProject
Project("{8BC9CEB8-8B4A-11D0-8D11-00A0C91BC942}") = "UML", "..\UML\UML.vcxproj", "{28A5A8E6-F8B4-44E3-AD9B-95765E30FA22}"
EndProject
Project("{8BC9CEB8-8B4A-11D0-8D11-00A0C91BC942}") = "WinApi", "..\WinApi\WinApi.vcxproj", "{0FB0B223-42D3-4428-A77F-C5956C06A8F7}"
EndProject
Project("{9A19103F-16F7-4668-BE54-9A1E7A4F7556}") = "Introduce to Csharp", "..\Introduce to Csharp\Introduce to Csharp.csproj", "{EAC19BE3-B181-4D1D-A8A8-8AED480E72EC}"
EndProject
Project("{9A19103F-16F7-4668-BE54-9A1E7A4F7556}") = "Introduce to Csharp 2", "..\Introduce to Csharp 2\Introduce to Csharp 2.csproj", "{4BC2A5F1-7EA9-410C-899B-C798C96A42BA}"
EndProject
Project("{9A19103F-16F7-4668-BE54-9A1E7A4F7556}") = "Introduce to Csharp 3", "..\Introduce to Csharp 3\Introduce to Csharp 3.csproj", "{5F74B300-BD1F-43D0-897F-58B854C25F88}"
EndProject
Project("{9A19103F-16F7-4668-BE54-9A1E7A4F7556}") = "OOP", "..\OOP\OOP.csproj", "{C3E1E9AE-BB70-4C20-8CE8-8B8845160E3E}"
EndProject
Project("{9A19103F-16F7-4668-BE54-9A1E7A4F7556}") = "OperatorOverloading", "..\OperatorOverloading\OperatorOverloading.csproj", "{03CD07CD-2CDC-4BF9-B7C7-F36322C47A28}"
EndProject
Project("{9A19103F-16F7-4668-BE54-9A1E7A4F7556}") = "Interface", "..\Interface\Interface.csproj", "{00DE337E-C60B-4610-8230-E9DA337DC102}"
EndProject
Project("{9A19103F-16F7-4668-BE54-9A1E7A4F7556}") = "Tamagotchi", "..\Tamagotchi\Tamagotchi.csproj", "{A4DDCF65-BCD3-456C-B865-14EE5F839D1F}"
EndProject
Project("{9A19103F-16F7-4668-BE54-9A1E7A4F7556}") = "IComparable", "..\IComparable\IComparable.csproj", "{CDD0A6FF-F433-491D-A642-A6FFDC89007C}"
EndProject
Project("{9A19103F-16F7-4668-BE54-9A1E7A4F7556}") = "CarRacing", "..\CarRacing\CarRacing.csproj", "{9C1E567C-00E6-4497-BB1E-C1A67578717C}"
EndProject
Project("{9A19103F-16F7-4668-BE54-9A1E7A4F7556}") = "DictionaryApp", "..\DictionaryApp\DictionaryApp.csproj", "{B8C89EC4-DE4A-4B0C-ACF9-0DE36B972A66}"
EndProject
Project("{9A19103F-16F7-4668-BE54-9A1E7A4F7556}") = "Iinvoice For Payment", "..\Iinvoice For Payment\Iinvoice For Payment.csproj", "{3B0F937F-ECDB-4311-82D0-1359D9210E2A}"
EndProject
Project("{FAE04EC0-301F-11D3-BF4B-00C04F79EFBC}") = "Keyboard Trainer", "..\Keyboard Trainer\Keyboard Trainer.csproj", "{92F712F1-0FD9-4843-9088-27302BAAD7F0}"
EndProject
Project("{9A19103F-16F7-4668-BE54-9A1E7A4F7556}") = "Introdice to WPF", "..\Introdice to WPF\Introdice to WPF.csproj", "{A31C4EA5-DF70-4F91-A364-6F154125BF59}"
EndProject
Project("{FAE04EC0-301F-11D3-BF4B-00C04F79EFBC}") = "Journal", "..\Journal\Journal.csproj", "{CBDB0AA8-9B1B-469C-9D1B-8E9939E44980}"
EndProject
Project("{9A19103F-16F7-4668-BE54-9A1E7A4F7556}") = "ADOnet", "..\ADOnet\ADOnet.csproj", "{31566BBA-6F76-43C5-B135-3220E0C5BCF4}"
EndProject
Project("{9A19103F-16F7-4668-BE54-9A1E7A4F7556}") = "EF_CodeFirst", "..\EF_CodeFirst\EF_CodeFirst.csproj", "{307E1BF3-9640-4592-B0EA-2BFF00E97021}"
EndProject
Project("{2150E333-8FDC-42A3-9474-1A3956D46DE8}") = "С++", "С++", "{DAD39D10-2A28-4324-BDE1-00C095825A4C}"
EndProject
Project("{2150E333-8FDC-42A3-9474-1A3956D46DE8}") = "С#", "С#", "{11F21E50-DB89-475D-ABBB-25AE499B517B}"
EndProject
Project("{FAE04EC0-301F-11D3-BF4B-00C04F79EFBC}") = "ProcessClass", "..\ProcessClass\ProcessClass.csproj", "{2E5828CA-947F-4BC4-8AD8-EB5A39E47465}"
EndProject
Global
	GlobalSection(SolutionConfigurationPlatforms) = preSolution
		Debug|Any CPU = Debug|Any CPU
		Debug|x64 = Debug|x64
		Debug|x86 = Debug|x86
		Release|Any CPU = Release|Any CPU
		Release|x64 = Release|x64
		Release|x86 = Release|x86
	EndGlobalSection
	GlobalSection(ProjectConfigurationPlatforms) = postSolution
		{0997AEA9-6ABB-4E36-BB23-089019F7EDD9}.Debug|Any CPU.ActiveCfg = Debug|x64
		{0997AEA9-6ABB-4E36-BB23-089019F7EDD9}.Debug|Any CPU.Build.0 = Debug|x64
		{0997AEA9-6ABB-4E36-BB23-089019F7EDD9}.Debug|x64.ActiveCfg = Debug|x64
		{0997AEA9-6ABB-4E36-BB23-089019F7EDD9}.Debug|x64.Build.0 = Debug|x64
		{0997AEA9-6ABB-4E36-BB23-089019F7EDD9}.Debug|x86.ActiveCfg = Debug|Win32
		{0997AEA9-6ABB-4E36-BB23-089019F7EDD9}.Debug|x86.Build.0 = Debug|Win32
		{0997AEA9-6ABB-4E36-BB23-089019F7EDD9}.Release|Any CPU.ActiveCfg = Release|x64
		{0997AEA9-6ABB-4E36-BB23-089019F7EDD9}.Release|Any CPU.Build.0 = Release|x64
		{0997AEA9-6ABB-4E36-BB23-089019F7EDD9}.Release|x64.ActiveCfg = Release|x64
		{0997AEA9-6ABB-4E36-BB23-089019F7EDD9}.Release|x64.Build.0 = Release|x64
		{0997AEA9-6ABB-4E36-BB23-089019F7EDD9}.Release|x86.ActiveCfg = Release|Win32
		{0997AEA9-6ABB-4E36-BB23-089019F7EDD9}.Release|x86.Build.0 = Release|Win32
		{392D27B9-C2F1-49A8-8B9B-190C2B67CDE2}.Debug|Any CPU.ActiveCfg = Debug|x64
		{392D27B9-C2F1-49A8-8B9B-190C2B67CDE2}.Debug|Any CPU.Build.0 = Debug|x64
		{392D27B9-C2F1-49A8-8B9B-190C2B67CDE2}.Debug|x64.ActiveCfg = Debug|x64
		{392D27B9-C2F1-49A8-8B9B-190C2B67CDE2}.Debug|x64.Build.0 = Debug|x64
		{392D27B9-C2F1-49A8-8B9B-190C2B67CDE2}.Debug|x86.ActiveCfg = Debug|Win32
		{392D27B9-C2F1-49A8-8B9B-190C2B67CDE2}.Debug|x86.Build.0 = Debug|Win32
		{392D27B9-C2F1-49A8-8B9B-190C2B67CDE2}.Release|Any CPU.ActiveCfg = Release|x64
		{392D27B9-C2F1-49A8-8B9B-190C2B67CDE2}.Release|Any CPU.Build.0 = Release|x64
		{392D27B9-C2F1-49A8-8B9B-190C2B67CDE2}.Release|x64.ActiveCfg = Release|x64
		{392D27B9-C2F1-49A8-8B9B-190C2B67CDE2}.Release|x64.Build.0 = Release|x64
		{392D27B9-C2F1-49A8-8B9B-190C2B67CDE2}.Release|x86.ActiveCfg = Release|Win32
		{392D27B9-C2F1-49A8-8B9B-190C2B67CDE2}.Release|x86.Build.0 = Release|Win32
		{4C770AC5-888F-4443-AA3C-57BFF4E928E8}.Debug|Any CPU.ActiveCfg = Debug|x64
		{4C770AC5-888F-4443-AA3C-57BFF4E928E8}.Debug|Any CPU.Build.0 = Debug|x64
		{4C770AC5-888F-4443-AA3C-57BFF4E928E8}.Debug|x64.ActiveCfg = Debug|x64
		{4C770AC5-888F-4443-AA3C-57BFF4E928E8}.Debug|x64.Build.0 = Debug|x64
		{4C770AC5-888F-4443-AA3C-57BFF4E928E8}.Debug|x86.ActiveCfg = Debug|Win32
		{4C770AC5-888F-4443-AA3C-57BFF4E928E8}.Debug|x86.Build.0 = Debug|Win32
		{4C770AC5-888F-4443-AA3C-57BFF4E928E8}.Release|Any CPU.ActiveCfg = Release|x64
		{4C770AC5-888F-4443-AA3C-57BFF4E928E8}.Release|Any CPU.Build.0 = Release|x64
		{4C770AC5-888F-4443-AA3C-57BFF4E928E8}.Release|x64.ActiveCfg = Release|x64
		{4C770AC5-888F-4443-AA3C-57BFF4E928E8}.Release|x64.Build.0 = Release|x64
		{4C770AC5-888F-4443-AA3C-57BFF4E928E8}.Release|x86.ActiveCfg = Release|Win32
		{4C770AC5-888F-4443-AA3C-57BFF4E928E8}.Release|x86.Build.0 = Release|Win32
		{9CA8C5F8-496D-46FB-820E-EF789C46A2A1}.Debug|Any CPU.ActiveCfg = Debug|x64
		{9CA8C5F8-496D-46FB-820E-EF789C46A2A1}.Debug|Any CPU.Build.0 = Debug|x64
		{9CA8C5F8-496D-46FB-820E-EF789C46A2A1}.Debug|x64.ActiveCfg = Debug|x64
		{9CA8C5F8-496D-46FB-820E-EF789C46A2A1}.Debug|x64.Build.0 = Debug|x64
		{9CA8C5F8-496D-46FB-820E-EF789C46A2A1}.Debug|x86.ActiveCfg = Debug|Win32
		{9CA8C5F8-496D-46FB-820E-EF789C46A2A1}.Debug|x86.Build.0 = Debug|Win32
		{9CA8C5F8-496D-46FB-820E-EF789C46A2A1}.Release|Any CPU.ActiveCfg = Release|x64
		{9CA8C5F8-496D-46FB-820E-EF789C46A2A1}.Release|Any CPU.Build.0 = Release|x64
		{9CA8C5F8-496D-46FB-820E-EF789C46A2A1}.Release|x64.ActiveCfg = Release|x64
		{9CA8C5F8-496D-46FB-820E-EF789C46A2A1}.Release|x64.Build.0 = Release|x64
		{9CA8C5F8-496D-46FB-820E-EF789C46A2A1}.Release|x86.ActiveCfg = Release|Win32
		{9CA8C5F8-496D-46FB-820E-EF789C46A2A1}.Release|x86.Build.0 = Release|Win32
		{8EA21C60-3F30-470C-A363-BB69B226DCBE}.Debug|Any CPU.ActiveCfg = Debug|x64
		{8EA21C60-3F30-470C-A363-BB69B226DCBE}.Debug|Any CPU.Build.0 = Debug|x64
		{8EA21C60-3F30-470C-A363-BB69B226DCBE}.Debug|x64.ActiveCfg = Debug|x64
		{8EA21C60-3F30-470C-A363-BB69B226DCBE}.Debug|x64.Build.0 = Debug|x64
		{8EA21C60-3F30-470C-A363-BB69B226DCBE}.Debug|x86.ActiveCfg = Debug|Win32
		{8EA21C60-3F30-470C-A363-BB69B226DCBE}.Debug|x86.Build.0 = Debug|Win32
		{8EA21C60-3F30-470C-A363-BB69B226DCBE}.Release|Any CPU.ActiveCfg = Release|x64
		{8EA21C60-3F30-470C-A363-BB69B226DCBE}.Release|Any CPU.Build.0 = Release|x64
		{8EA21C60-3F30-470C-A363-BB69B226DCBE}.Release|x64.ActiveCfg = Release|x64
		{8EA21C60-3F30-470C-A363-BB69B226DCBE}.Release|x64.Build.0 = Release|x64
		{8EA21C60-3F30-470C-A363-BB69B226DCBE}.Release|x86.ActiveCfg = Release|Win32
		{8EA21C60-3F30-470C-A363-BB69B226DCBE}.Release|x86.Build.0 = Release|Win32
		{FCA2EA39-2E66-49B7-B66B-E652CB20C5D3}.Debug|Any CPU.ActiveCfg = Debug|x64
		{FCA2EA39-2E66-49B7-B66B-E652CB20C5D3}.Debug|Any CPU.Build.0 = Debug|x64
		{FCA2EA39-2E66-49B7-B66B-E652CB20C5D3}.Debug|x64.ActiveCfg = Debug|x64
		{FCA2EA39-2E66-49B7-B66B-E652CB20C5D3}.Debug|x64.Build.0 = Debug|x64
		{FCA2EA39-2E66-49B7-B66B-E652CB20C5D3}.Debug|x86.ActiveCfg = Debug|Win32
		{FCA2EA39-2E66-49B7-B66B-E652CB20C5D3}.Debug|x86.Build.0 = Debug|Win32
		{FCA2EA39-2E66-49B7-B66B-E652CB20C5D3}.Release|Any CPU.ActiveCfg = Release|x64
		{FCA2EA39-2E66-49B7-B66B-E652CB20C5D3}.Release|Any CPU.Build.0 = Release|x64
		{FCA2EA39-2E66-49B7-B66B-E652CB20C5D3}.Release|x64.ActiveCfg = Release|x64
		{FCA2EA39-2E66-49B7-B66B-E652CB20C5D3}.Release|x64.Build.0 = Release|x64
		{FCA2EA39-2E66-49B7-B66B-E652CB20C5D3}.Release|x86.ActiveCfg = Release|Win32
		{FCA2EA39-2E66-49B7-B66B-E652CB20C5D3}.Release|x86.Build.0 = Release|Win32
		{397DD51F-28F5-43CC-8F68-BBD66A6FA579}.Debug|Any CPU.ActiveCfg = Debug|x64
		{397DD51F-28F5-43CC-8F68-BBD66A6FA579}.Debug|Any CPU.Build.0 = Debug|x64
		{397DD51F-28F5-43CC-8F68-BBD66A6FA579}.Debug|x64.ActiveCfg = Debug|x64
		{397DD51F-28F5-43CC-8F68-BBD66A6FA579}.Debug|x64.Build.0 = Debug|x64
		{397DD51F-28F5-43CC-8F68-BBD66A6FA579}.Debug|x86.ActiveCfg = Debug|Win32
		{397DD51F-28F5-43CC-8F68-BBD66A6FA579}.Debug|x86.Build.0 = Debug|Win32
		{397DD51F-28F5-43CC-8F68-BBD66A6FA579}.Release|Any CPU.ActiveCfg = Release|x64
		{397DD51F-28F5-43CC-8F68-BBD66A6FA579}.Release|Any CPU.Build.0 = Release|x64
		{397DD51F-28F5-43CC-8F68-BBD66A6FA579}.Release|x64.ActiveCfg = Release|x64
		{397DD51F-28F5-43CC-8F68-BBD66A6FA579}.Release|x64.Build.0 = Release|x64
		{397DD51F-28F5-43CC-8F68-BBD66A6FA579}.Release|x86.ActiveCfg = Release|Win32
		{397DD51F-28F5-43CC-8F68-BBD66A6FA579}.Release|x86.Build.0 = Release|Win32
		{7BCF5162-9F1E-4D7B-A4CF-A0AD2C5C0DFA}.Debug|Any CPU.ActiveCfg = Debug|x64
		{7BCF5162-9F1E-4D7B-A4CF-A0AD2C5C0DFA}.Debug|Any CPU.Build.0 = Debug|x64
		{7BCF5162-9F1E-4D7B-A4CF-A0AD2C5C0DFA}.Debug|x64.ActiveCfg = Debug|x64
		{7BCF5162-9F1E-4D7B-A4CF-A0AD2C5C0DFA}.Debug|x64.Build.0 = Debug|x64
		{7BCF5162-9F1E-4D7B-A4CF-A0AD2C5C0DFA}.Debug|x86.ActiveCfg = Debug|Win32
		{7BCF5162-9F1E-4D7B-A4CF-A0AD2C5C0DFA}.Debug|x86.Build.0 = Debug|Win32
		{7BCF5162-9F1E-4D7B-A4CF-A0AD2C5C0DFA}.Release|Any CPU.ActiveCfg = Release|x64
		{7BCF5162-9F1E-4D7B-A4CF-A0AD2C5C0DFA}.Release|Any CPU.Build.0 = Release|x64
		{7BCF5162-9F1E-4D7B-A4CF-A0AD2C5C0DFA}.Release|x64.ActiveCfg = Release|x64
		{7BCF5162-9F1E-4D7B-A4CF-A0AD2C5C0DFA}.Release|x64.Build.0 = Release|x64
		{7BCF5162-9F1E-4D7B-A4CF-A0AD2C5C0DFA}.Release|x86.ActiveCfg = Release|Win32
		{7BCF5162-9F1E-4D7B-A4CF-A0AD2C5C0DFA}.Release|x86.Build.0 = Release|Win32
		{66E0F9CE-28E7-4ABA-8C48-1C3D13D22C0F}.Debug|Any CPU.ActiveCfg = Debug|x64
		{66E0F9CE-28E7-4ABA-8C48-1C3D13D22C0F}.Debug|Any CPU.Build.0 = Debug|x64
		{66E0F9CE-28E7-4ABA-8C48-1C3D13D22C0F}.Debug|x64.ActiveCfg = Debug|x64
		{66E0F9CE-28E7-4ABA-8C48-1C3D13D22C0F}.Debug|x64.Build.0 = Debug|x64
		{66E0F9CE-28E7-4ABA-8C48-1C3D13D22C0F}.Debug|x86.ActiveCfg = Debug|Win32
		{66E0F9CE-28E7-4ABA-8C48-1C3D13D22C0F}.Debug|x86.Build.0 = Debug|Win32
		{66E0F9CE-28E7-4ABA-8C48-1C3D13D22C0F}.Release|Any CPU.ActiveCfg = Release|x64
		{66E0F9CE-28E7-4ABA-8C48-1C3D13D22C0F}.Release|Any CPU.Build.0 = Release|x64
		{66E0F9CE-28E7-4ABA-8C48-1C3D13D22C0F}.Release|x64.ActiveCfg = Release|x64
		{66E0F9CE-28E7-4ABA-8C48-1C3D13D22C0F}.Release|x64.Build.0 = Release|x64
		{66E0F9CE-28E7-4ABA-8C48-1C3D13D22C0F}.Release|x86.ActiveCfg = Release|Win32
		{66E0F9CE-28E7-4ABA-8C48-1C3D13D22C0F}.Release|x86.Build.0 = Release|Win32
		{A6F28E06-1CA8-45B8-8AC1-0D77F7D804F7}.Debug|Any CPU.ActiveCfg = Debug|x64
		{A6F28E06-1CA8-45B8-8AC1-0D77F7D804F7}.Debug|Any CPU.Build.0 = Debug|x64
		{A6F28E06-1CA8-45B8-8AC1-0D77F7D804F7}.Debug|x64.ActiveCfg = Debug|x64
		{A6F28E06-1CA8-45B8-8AC1-0D77F7D804F7}.Debug|x64.Build.0 = Debug|x64
		{A6F28E06-1CA8-45B8-8AC1-0D77F7D804F7}.Debug|x86.ActiveCfg = Debug|Win32
		{A6F28E06-1CA8-45B8-8AC1-0D77F7D804F7}.Debug|x86.Build.0 = Debug|Win32
		{A6F28E06-1CA8-45B8-8AC1-0D77F7D804F7}.Release|Any CPU.ActiveCfg = Release|x64
		{A6F28E06-1CA8-45B8-8AC1-0D77F7D804F7}.Release|Any CPU.Build.0 = Release|x64
		{A6F28E06-1CA8-45B8-8AC1-0D77F7D804F7}.Release|x64.ActiveCfg = Release|x64
		{A6F28E06-1CA8-45B8-8AC1-0D77F7D804F7}.Release|x64.Build.0 = Release|x64
		{A6F28E06-1CA8-45B8-8AC1-0D77F7D804F7}.Release|x86.ActiveCfg = Release|Win32
		{A6F28E06-1CA8-45B8-8AC1-0D77F7D804F7}.Release|x86.Build.0 = Release|Win32
		{533D2F12-1F78-47FE-8764-86D5E6F4D13B}.Debug|Any CPU.ActiveCfg = Debug|x64
		{533D2F12-1F78-47FE-8764-86D5E6F4D13B}.Debug|Any CPU.Build.0 = Debug|x64
		{533D2F12-1F78-47FE-8764-86D5E6F4D13B}.Debug|x64.ActiveCfg = Debug|x64
		{533D2F12-1F78-47FE-8764-86D5E6F4D13B}.Debug|x64.Build.0 = Debug|x64
		{533D2F12-1F78-47FE-8764-86D5E6F4D13B}.Debug|x86.ActiveCfg = Debug|Win32
		{533D2F12-1F78-47FE-8764-86D5E6F4D13B}.Debug|x86.Build.0 = Debug|Win32
		{533D2F12-1F78-47FE-8764-86D5E6F4D13B}.Release|Any CPU.ActiveCfg = Release|x64
		{533D2F12-1F78-47FE-8764-86D5E6F4D13B}.Release|Any CPU.Build.0 = Release|x64
		{533D2F12-1F78-47FE-8764-86D5E6F4D13B}.Release|x64.ActiveCfg = Release|x64
		{533D2F12-1F78-47FE-8764-86D5E6F4D13B}.Release|x64.Build.0 = Release|x64
		{533D2F12-1F78-47FE-8764-86D5E6F4D13B}.Release|x86.ActiveCfg = Release|Win32
		{533D2F12-1F78-47FE-8764-86D5E6F4D13B}.Release|x86.Build.0 = Release|Win32
		{D41D013C-F1B2-4E0E-A3A8-0935F5B3957D}.Debug|Any CPU.ActiveCfg = Debug|x64
		{D41D013C-F1B2-4E0E-A3A8-0935F5B3957D}.Debug|Any CPU.Build.0 = Debug|x64
		{D41D013C-F1B2-4E0E-A3A8-0935F5B3957D}.Debug|x64.ActiveCfg = Debug|x64
		{D41D013C-F1B2-4E0E-A3A8-0935F5B3957D}.Debug|x64.Build.0 = Debug|x64
		{D41D013C-F1B2-4E0E-A3A8-0935F5B3957D}.Debug|x86.ActiveCfg = Debug|Win32
		{D41D013C-F1B2-4E0E-A3A8-0935F5B3957D}.Debug|x86.Build.0 = Debug|Win32
		{D41D013C-F1B2-4E0E-A3A8-0935F5B3957D}.Release|Any CPU.ActiveCfg = Release|x64
		{D41D013C-F1B2-4E0E-A3A8-0935F5B3957D}.Release|Any CPU.Build.0 = Release|x64
		{D41D013C-F1B2-4E0E-A3A8-0935F5B3957D}.Release|x64.ActiveCfg = Release|x64
		{D41D013C-F1B2-4E0E-A3A8-0935F5B3957D}.Release|x64.Build.0 = Release|x64
		{D41D013C-F1B2-4E0E-A3A8-0935F5B3957D}.Release|x86.ActiveCfg = Release|Win32
		{D41D013C-F1B2-4E0E-A3A8-0935F5B3957D}.Release|x86.Build.0 = Release|Win32
		{502314BD-361B-4CDB-A874-889ADC590795}.Debug|Any CPU.ActiveCfg = Debug|x64
		{502314BD-361B-4CDB-A874-889ADC590795}.Debug|Any CPU.Build.0 = Debug|x64
		{502314BD-361B-4CDB-A874-889ADC590795}.Debug|x64.ActiveCfg = Debug|x64
		{502314BD-361B-4CDB-A874-889ADC590795}.Debug|x64.Build.0 = Debug|x64
		{502314BD-361B-4CDB-A874-889ADC590795}.Debug|x86.ActiveCfg = Debug|Win32
		{502314BD-361B-4CDB-A874-889ADC590795}.Debug|x86.Build.0 = Debug|Win32
		{502314BD-361B-4CDB-A874-889ADC590795}.Release|Any CPU.ActiveCfg = Release|x64
		{502314BD-361B-4CDB-A874-889ADC590795}.Release|Any CPU.Build.0 = Release|x64
		{502314BD-361B-4CDB-A874-889ADC590795}.Release|x64.ActiveCfg = Release|x64
		{502314BD-361B-4CDB-A874-889ADC590795}.Release|x64.Build.0 = Release|x64
		{502314BD-361B-4CDB-A874-889ADC590795}.Release|x86.ActiveCfg = Release|Win32
		{502314BD-361B-4CDB-A874-889ADC590795}.Release|x86.Build.0 = Release|Win32
		{28A5A8E6-F8B4-44E3-AD9B-95765E30FA22}.Debug|Any CPU.ActiveCfg = Debug|x64
		{28A5A8E6-F8B4-44E3-AD9B-95765E30FA22}.Debug|Any CPU.Build.0 = Debug|x64
		{28A5A8E6-F8B4-44E3-AD9B-95765E30FA22}.Debug|x64.ActiveCfg = Debug|x64
		{28A5A8E6-F8B4-44E3-AD9B-95765E30FA22}.Debug|x64.Build.0 = Debug|x64
		{28A5A8E6-F8B4-44E3-AD9B-95765E30FA22}.Debug|x86.ActiveCfg = Debug|Win32
		{28A5A8E6-F8B4-44E3-AD9B-95765E30FA22}.Debug|x86.Build.0 = Debug|Win32
		{28A5A8E6-F8B4-44E3-AD9B-95765E30FA22}.Release|Any CPU.ActiveCfg = Release|x64
		{28A5A8E6-F8B4-44E3-AD9B-95765E30FA22}.Release|Any CPU.Build.0 = Release|x64
		{28A5A8E6-F8B4-44E3-AD9B-95765E30FA22}.Release|x64.ActiveCfg = Release|x64
		{28A5A8E6-F8B4-44E3-AD9B-95765E30FA22}.Release|x64.Build.0 = Release|x64
		{28A5A8E6-F8B4-44E3-AD9B-95765E30FA22}.Release|x86.ActiveCfg = Release|Win32
		{28A5A8E6-F8B4-44E3-AD9B-95765E30FA22}.Release|x86.Build.0 = Release|Win32
		{0FB0B223-42D3-4428-A77F-C5956C06A8F7}.Debug|Any CPU.ActiveCfg = Debug|x64
		{0FB0B223-42D3-4428-A77F-C5956C06A8F7}.Debug|Any CPU.Build.0 = Debug|x64
		{0FB0B223-42D3-4428-A77F-C5956C06A8F7}.Debug|x64.ActiveCfg = Debug|x64
		{0FB0B223-42D3-4428-A77F-C5956C06A8F7}.Debug|x64.Build.0 = Debug|x64
		{0FB0B223-42D3-4428-A77F-C5956C06A8F7}.Debug|x86.ActiveCfg = Debug|Win32
		{0FB0B223-42D3-4428-A77F-C5956C06A8F7}.Debug|x86.Build.0 = Debug|Win32
		{0FB0B223-42D3-4428-A77F-C5956C06A8F7}.Release|Any CPU.ActiveCfg = Release|x64
		{0FB0B223-42D3-4428-A77F-C5956C06A8F7}.Release|Any CPU.Build.0 = Release|x64
		{0FB0B223-42D3-4428-A77F-C5956C06A8F7}.Release|x64.ActiveCfg = Release|x64
		{0FB0B223-42D3-4428-A77F-C5956C06A8F7}.Release|x64.Build.0 = Release|x64
		{0FB0B223-42D3-4428-A77F-C5956C06A8F7}.Release|x86.ActiveCfg = Release|Win32
		{0FB0B223-42D3-4428-A77F-C5956C06A8F7}.Release|x86.Build.0 = Release|Win32
		{EAC19BE3-B181-4D1D-A8A8-8AED480E72EC}.Debug|Any CPU.ActiveCfg = Debug|Any CPU
		{EAC19BE3-B181-4D1D-A8A8-8AED480E72EC}.Debug|Any CPU.Build.0 = Debug|Any CPU
		{EAC19BE3-B181-4D1D-A8A8-8AED480E72EC}.Debug|x64.ActiveCfg = Debug|Any CPU
		{EAC19BE3-B181-4D1D-A8A8-8AED480E72EC}.Debug|x64.Build.0 = Debug|Any CPU
		{EAC19BE3-B181-4D1D-A8A8-8AED480E72EC}.Debug|x86.ActiveCfg = Debug|Any CPU
		{EAC19BE3-B181-4D1D-A8A8-8AED480E72EC}.Debug|x86.Build.0 = Debug|Any CPU
		{EAC19BE3-B181-4D1D-A8A8-8AED480E72EC}.Release|Any CPU.ActiveCfg = Release|Any CPU
		{EAC19BE3-B181-4D1D-A8A8-8AED480E72EC}.Release|Any CPU.Build.0 = Release|Any CPU
		{EAC19BE3-B181-4D1D-A8A8-8AED480E72EC}.Release|x64.ActiveCfg = Release|Any CPU
		{EAC19BE3-B181-4D1D-A8A8-8AED480E72EC}.Release|x64.Build.0 = Release|Any CPU
		{EAC19BE3-B181-4D1D-A8A8-8AED480E72EC}.Release|x86.ActiveCfg = Release|Any CPU
		{EAC19BE3-B181-4D1D-A8A8-8AED480E72EC}.Release|x86.Build.0 = Release|Any CPU
		{4BC2A5F1-7EA9-410C-899B-C798C96A42BA}.Debug|Any CPU.ActiveCfg = Debug|Any CPU
		{4BC2A5F1-7EA9-410C-899B-C798C96A42BA}.Debug|Any CPU.Build.0 = Debug|Any CPU
		{4BC2A5F1-7EA9-410C-899B-C798C96A42BA}.Debug|x64.ActiveCfg = Debug|Any CPU
		{4BC2A5F1-7EA9-410C-899B-C798C96A42BA}.Debug|x64.Build.0 = Debug|Any CPU
		{4BC2A5F1-7EA9-410C-899B-C798C96A42BA}.Debug|x86.ActiveCfg = Debug|Any CPU
		{4BC2A5F1-7EA9-410C-899B-C798C96A42BA}.Debug|x86.Build.0 = Debug|Any CPU
		{4BC2A5F1-7EA9-410C-899B-C798C96A42BA}.Release|Any CPU.ActiveCfg = Release|Any CPU
		{4BC2A5F1-7EA9-410C-899B-C798C96A42BA}.Release|Any CPU.Build.0 = Release|Any CPU
		{4BC2A5F1-7EA9-410C-899B-C798C96A42BA}.Release|x64.ActiveCfg = Release|Any CPU
		{4BC2A5F1-7EA9-410C-899B-C798C96A42BA}.Release|x64.Build.0 = Release|Any CPU
		{4BC2A5F1-7EA9-410C-899B-C798C96A42BA}.Release|x86.ActiveCfg = Release|Any CPU
		{4BC2A5F1-7EA9-410C-899B-C798C96A42BA}.Release|x86.Build.0 = Release|Any CPU
		{5F74B300-BD1F-43D0-897F-58B854C25F88}.Debug|Any CPU.ActiveCfg = Debug|Any CPU
		{5F74B300-BD1F-43D0-897F-58B854C25F88}.Debug|Any CPU.Build.0 = Debug|Any CPU
		{5F74B300-BD1F-43D0-897F-58B854C25F88}.Debug|x64.ActiveCfg = Debug|Any CPU
		{5F74B300-BD1F-43D0-897F-58B854C25F88}.Debug|x64.Build.0 = Debug|Any CPU
		{5F74B300-BD1F-43D0-897F-58B854C25F88}.Debug|x86.ActiveCfg = Debug|Any CPU
		{5F74B300-BD1F-43D0-897F-58B854C25F88}.Debug|x86.Build.0 = Debug|Any CPU
		{5F74B300-BD1F-43D0-897F-58B854C25F88}.Release|Any CPU.ActiveCfg = Release|Any CPU
		{5F74B300-BD1F-43D0-897F-58B854C25F88}.Release|Any CPU.Build.0 = Release|Any CPU
		{5F74B300-BD1F-43D0-897F-58B854C25F88}.Release|x64.ActiveCfg = Release|Any CPU
		{5F74B300-BD1F-43D0-897F-58B854C25F88}.Release|x64.Build.0 = Release|Any CPU
		{5F74B300-BD1F-43D0-897F-58B854C25F88}.Release|x86.ActiveCfg = Release|Any CPU
		{5F74B300-BD1F-43D0-897F-58B854C25F88}.Release|x86.Build.0 = Release|Any CPU
		{C3E1E9AE-BB70-4C20-8CE8-8B8845160E3E}.Debug|Any CPU.ActiveCfg = Debug|Any CPU
		{C3E1E9AE-BB70-4C20-8CE8-8B8845160E3E}.Debug|Any CPU.Build.0 = Debug|Any CPU
		{C3E1E9AE-BB70-4C20-8CE8-8B8845160E3E}.Debug|x64.ActiveCfg = Debug|Any CPU
		{C3E1E9AE-BB70-4C20-8CE8-8B8845160E3E}.Debug|x64.Build.0 = Debug|Any CPU
		{C3E1E9AE-BB70-4C20-8CE8-8B8845160E3E}.Debug|x86.ActiveCfg = Debug|Any CPU
		{C3E1E9AE-BB70-4C20-8CE8-8B8845160E3E}.Debug|x86.Build.0 = Debug|Any CPU
		{C3E1E9AE-BB70-4C20-8CE8-8B8845160E3E}.Release|Any CPU.ActiveCfg = Release|Any CPU
		{C3E1E9AE-BB70-4C20-8CE8-8B8845160E3E}.Release|Any CPU.Build.0 = Release|Any CPU
		{C3E1E9AE-BB70-4C20-8CE8-8B8845160E3E}.Release|x64.ActiveCfg = Release|Any CPU
		{C3E1E9AE-BB70-4C20-8CE8-8B8845160E3E}.Release|x64.Build.0 = Release|Any CPU
		{C3E1E9AE-BB70-4C20-8CE8-8B8845160E3E}.Release|x86.ActiveCfg = Release|Any CPU
		{C3E1E9AE-BB70-4C20-8CE8-8B8845160E3E}.Release|x86.Build.0 = Release|Any CPU
		{03CD07CD-2CDC-4BF9-B7C7-F36322C47A28}.Debug|Any CPU.ActiveCfg = Debug|Any CPU
		{03CD07CD-2CDC-4BF9-B7C7-F36322C47A28}.Debug|Any CPU.Build.0 = Debug|Any CPU
		{03CD07CD-2CDC-4BF9-B7C7-F36322C47A28}.Debug|x64.ActiveCfg = Debug|Any CPU
		{03CD07CD-2CDC-4BF9-B7C7-F36322C47A28}.Debug|x64.Build.0 = Debug|Any CPU
		{03CD07CD-2CDC-4BF9-B7C7-F36322C47A28}.Debug|x86.ActiveCfg = Debug|Any CPU
		{03CD07CD-2CDC-4BF9-B7C7-F36322C47A28}.Debug|x86.Build.0 = Debug|Any CPU
		{03CD07CD-2CDC-4BF9-B7C7-F36322C47A28}.Release|Any CPU.ActiveCfg = Release|Any CPU
		{03CD07CD-2CDC-4BF9-B7C7-F36322C47A28}.Release|Any CPU.Build.0 = Release|Any CPU
		{03CD07CD-2CDC-4BF9-B7C7-F36322C47A28}.Release|x64.ActiveCfg = Release|Any CPU
		{03CD07CD-2CDC-4BF9-B7C7-F36322C47A28}.Release|x64.Build.0 = Release|Any CPU
		{03CD07CD-2CDC-4BF9-B7C7-F36322C47A28}.Release|x86.ActiveCfg = Release|Any CPU
		{03CD07CD-2CDC-4BF9-B7C7-F36322C47A28}.Release|x86.Build.0 = Release|Any CPU
		{00DE337E-C60B-4610-8230-E9DA337DC102}.Debug|Any CPU.ActiveCfg = Debug|Any CPU
		{00DE337E-C60B-4610-8230-E9DA337DC102}.Debug|Any CPU.Build.0 = Debug|Any CPU
		{00DE337E-C60B-4610-8230-E9DA337DC102}.Debug|x64.ActiveCfg = Debug|Any CPU
		{00DE337E-C60B-4610-8230-E9DA337DC102}.Debug|x64.Build.0 = Debug|Any CPU
		{00DE337E-C60B-4610-8230-E9DA337DC102}.Debug|x86.ActiveCfg = Debug|Any CPU
		{00DE337E-C60B-4610-8230-E9DA337DC102}.Debug|x86.Build.0 = Debug|Any CPU
		{00DE337E-C60B-4610-8230-E9DA337DC102}.Release|Any CPU.ActiveCfg = Release|Any CPU
		{00DE337E-C60B-4610-8230-E9DA337DC102}.Release|Any CPU.Build.0 = Release|Any CPU
		{00DE337E-C60B-4610-8230-E9DA337DC102}.Release|x64.ActiveCfg = Release|Any CPU
		{00DE337E-C60B-4610-8230-E9DA337DC102}.Release|x64.Build.0 = Release|Any CPU
		{00DE337E-C60B-4610-8230-E9DA337DC102}.Release|x86.ActiveCfg = Release|Any CPU
		{00DE337E-C60B-4610-8230-E9DA337DC102}.Release|x86.Build.0 = Release|Any CPU
		{A4DDCF65-BCD3-456C-B865-14EE5F839D1F}.Debug|Any CPU.ActiveCfg = Debug|Any CPU
		{A4DDCF65-BCD3-456C-B865-14EE5F839D1F}.Debug|Any CPU.Build.0 = Debug|Any CPU
		{A4DDCF65-BCD3-456C-B865-14EE5F839D1F}.Debug|x64.ActiveCfg = Debug|Any CPU
		{A4DDCF65-BCD3-456C-B865-14EE5F839D1F}.Debug|x64.Build.0 = Debug|Any CPU
		{A4DDCF65-BCD3-456C-B865-14EE5F839D1F}.Debug|x86.ActiveCfg = Debug|Any CPU
		{A4DDCF65-BCD3-456C-B865-14EE5F839D1F}.Debug|x86.Build.0 = Debug|Any CPU
		{A4DDCF65-BCD3-456C-B865-14EE5F839D1F}.Release|Any CPU.ActiveCfg = Release|Any CPU
		{A4DDCF65-BCD3-456C-B865-14EE5F839D1F}.Release|Any CPU.Build.0 = Release|Any CPU
		{A4DDCF65-BCD3-456C-B865-14EE5F839D1F}.Release|x64.ActiveCfg = Release|Any CPU
		{A4DDCF65-BCD3-456C-B865-14EE5F839D1F}.Release|x64.Build.0 = Release|Any CPU
		{A4DDCF65-BCD3-456C-B865-14EE5F839D1F}.Release|x86.ActiveCfg = Release|Any CPU
		{A4DDCF65-BCD3-456C-B865-14EE5F839D1F}.Release|x86.Build.0 = Release|Any CPU
		{CDD0A6FF-F433-491D-A642-A6FFDC89007C}.Debug|Any CPU.ActiveCfg = Debug|Any CPU
		{CDD0A6FF-F433-491D-A642-A6FFDC89007C}.Debug|Any CPU.Build.0 = Debug|Any CPU
		{CDD0A6FF-F433-491D-A642-A6FFDC89007C}.Debug|x64.ActiveCfg = Debug|Any CPU
		{CDD0A6FF-F433-491D-A642-A6FFDC89007C}.Debug|x64.Build.0 = Debug|Any CPU
		{CDD0A6FF-F433-491D-A642-A6FFDC89007C}.Debug|x86.ActiveCfg = Debug|Any CPU
		{CDD0A6FF-F433-491D-A642-A6FFDC89007C}.Debug|x86.Build.0 = Debug|Any CPU
		{CDD0A6FF-F433-491D-A642-A6FFDC89007C}.Release|Any CPU.ActiveCfg = Release|Any CPU
		{CDD0A6FF-F433-491D-A642-A6FFDC89007C}.Release|Any CPU.Build.0 = Release|Any CPU
		{CDD0A6FF-F433-491D-A642-A6FFDC89007C}.Release|x64.ActiveCfg = Release|Any CPU
		{CDD0A6FF-F433-491D-A642-A6FFDC89007C}.Release|x64.Build.0 = Release|Any CPU
		{CDD0A6FF-F433-491D-A642-A6FFDC89007C}.Release|x86.ActiveCfg = Release|Any CPU
		{CDD0A6FF-F433-491D-A642-A6FFDC89007C}.Release|x86.Build.0 = Release|Any CPU
		{9C1E567C-00E6-4497-BB1E-C1A67578717C}.Debug|Any CPU.ActiveCfg = Debug|Any CPU
		{9C1E567C-00E6-4497-BB1E-C1A67578717C}.Debug|Any CPU.Build.0 = Debug|Any CPU
		{9C1E567C-00E6-4497-BB1E-C1A67578717C}.Debug|x64.ActiveCfg = Debug|Any CPU
		{9C1E567C-00E6-4497-BB1E-C1A67578717C}.Debug|x64.Build.0 = Debug|Any CPU
		{9C1E567C-00E6-4497-BB1E-C1A67578717C}.Debug|x86.ActiveCfg = Debug|Any CPU
		{9C1E567C-00E6-4497-BB1E-C1A67578717C}.Debug|x86.Build.0 = Debug|Any CPU
		{9C1E567C-00E6-4497-BB1E-C1A67578717C}.Release|Any CPU.ActiveCfg = Release|Any CPU
		{9C1E567C-00E6-4497-BB1E-C1A67578717C}.Release|Any CPU.Build.0 = Release|Any CPU
		{9C1E567C-00E6-4497-BB1E-C1A67578717C}.Release|x64.ActiveCfg = Release|Any CPU
		{9C1E567C-00E6-4497-BB1E-C1A67578717C}.Release|x64.Build.0 = Release|Any CPU
		{9C1E567C-00E6-4497-BB1E-C1A67578717C}.Release|x86.ActiveCfg = Release|Any CPU
		{9C1E567C-00E6-4497-BB1E-C1A67578717C}.Release|x86.Build.0 = Release|Any CPU
		{B8C89EC4-DE4A-4B0C-ACF9-0DE36B972A66}.Debug|Any CPU.ActiveCfg = Debug|Any CPU
		{B8C89EC4-DE4A-4B0C-ACF9-0DE36B972A66}.Debug|Any CPU.Build.0 = Debug|Any CPU
		{B8C89EC4-DE4A-4B0C-ACF9-0DE36B972A66}.Debug|x64.ActiveCfg = Debug|Any CPU
		{B8C89EC4-DE4A-4B0C-ACF9-0DE36B972A66}.Debug|x64.Build.0 = Debug|Any CPU
		{B8C89EC4-DE4A-4B0C-ACF9-0DE36B972A66}.Debug|x86.ActiveCfg = Debug|Any CPU
		{B8C89EC4-DE4A-4B0C-ACF9-0DE36B972A66}.Debug|x86.Build.0 = Debug|Any CPU
		{B8C89EC4-DE4A-4B0C-ACF9-0DE36B972A66}.Release|Any CPU.ActiveCfg = Release|Any CPU
		{B8C89EC4-DE4A-4B0C-ACF9-0DE36B972A66}.Release|Any CPU.Build.0 = Release|Any CPU
		{B8C89EC4-DE4A-4B0C-ACF9-0DE36B972A66}.Release|x64.ActiveCfg = Release|Any CPU
		{B8C89EC4-DE4A-4B0C-ACF9-0DE36B972A66}.Release|x64.Build.0 = Release|Any CPU
		{B8C89EC4-DE4A-4B0C-ACF9-0DE36B972A66}.Release|x86.ActiveCfg = Release|Any CPU
		{B8C89EC4-DE4A-4B0C-ACF9-0DE36B972A66}.Release|x86.Build.0 = Release|Any CPU
		{3B0F937F-ECDB-4311-82D0-1359D9210E2A}.Debug|Any CPU.ActiveCfg = Debug|Any CPU
		{3B0F937F-ECDB-4311-82D0-1359D9210E2A}.Debug|Any CPU.Build.0 = Debug|Any CPU
		{3B0F937F-ECDB-4311-82D0-1359D9210E2A}.Debug|x64.ActiveCfg = Debug|Any CPU
		{3B0F937F-ECDB-4311-82D0-1359D9210E2A}.Debug|x64.Build.0 = Debug|Any CPU
		{3B0F937F-ECDB-4311-82D0-1359D9210E2A}.Debug|x86.ActiveCfg = Debug|Any CPU
		{3B0F937F-ECDB-4311-82D0-1359D9210E2A}.Debug|x86.Build.0 = Debug|Any CPU
		{3B0F937F-ECDB-4311-82D0-1359D9210E2A}.Release|Any CPU.ActiveCfg = Release|Any CPU
		{3B0F937F-ECDB-4311-82D0-1359D9210E2A}.Release|Any CPU.Build.0 = Release|Any CPU
		{3B0F937F-ECDB-4311-82D0-1359D9210E2A}.Release|x64.ActiveCfg = Release|Any CPU
		{3B0F937F-ECDB-4311-82D0-1359D9210E2A}.Release|x64.Build.0 = Release|Any CPU
		{3B0F937F-ECDB-4311-82D0-1359D9210E2A}.Release|x86.ActiveCfg = Release|Any CPU
		{3B0F937F-ECDB-4311-82D0-1359D9210E2A}.Release|x86.Build.0 = Release|Any CPU
		{92F712F1-0FD9-4843-9088-27302BAAD7F0}.Debug|Any CPU.ActiveCfg = Debug|Any CPU
		{92F712F1-0FD9-4843-9088-27302BAAD7F0}.Debug|Any CPU.Build.0 = Debug|Any CPU
		{92F712F1-0FD9-4843-9088-27302BAAD7F0}.Debug|x64.ActiveCfg = Debug|Any CPU
		{92F712F1-0FD9-4843-9088-27302BAAD7F0}.Debug|x64.Build.0 = Debug|Any CPU
		{92F712F1-0FD9-4843-9088-27302BAAD7F0}.Debug|x86.ActiveCfg = Debug|Any CPU
		{92F712F1-0FD9-4843-9088-27302BAAD7F0}.Debug|x86.Build.0 = Debug|Any CPU
		{92F712F1-0FD9-4843-9088-27302BAAD7F0}.Release|Any CPU.ActiveCfg = Release|Any CPU
		{92F712F1-0FD9-4843-9088-27302BAAD7F0}.Release|Any CPU.Build.0 = Release|Any CPU
		{92F712F1-0FD9-4843-9088-27302BAAD7F0}.Release|x64.ActiveCfg = Release|Any CPU
		{92F712F1-0FD9-4843-9088-27302BAAD7F0}.Release|x64.Build.0 = Release|Any CPU
		{92F712F1-0FD9-4843-9088-27302BAAD7F0}.Release|x86.ActiveCfg = Release|Any CPU
		{92F712F1-0FD9-4843-9088-27302BAAD7F0}.Release|x86.Build.0 = Release|Any CPU
		{A31C4EA5-DF70-4F91-A364-6F154125BF59}.Debug|Any CPU.ActiveCfg = Debug|Any CPU
		{A31C4EA5-DF70-4F91-A364-6F154125BF59}.Debug|Any CPU.Build.0 = Debug|Any CPU
		{A31C4EA5-DF70-4F91-A364-6F154125BF59}.Debug|x64.ActiveCfg = Debug|Any CPU
		{A31C4EA5-DF70-4F91-A364-6F154125BF59}.Debug|x64.Build.0 = Debug|Any CPU
		{A31C4EA5-DF70-4F91-A364-6F154125BF59}.Debug|x86.ActiveCfg = Debug|Any CPU
		{A31C4EA5-DF70-4F91-A364-6F154125BF59}.Debug|x86.Build.0 = Debug|Any CPU
		{A31C4EA5-DF70-4F91-A364-6F154125BF59}.Release|Any CPU.ActiveCfg = Release|Any CPU
		{A31C4EA5-DF70-4F91-A364-6F154125BF59}.Release|Any CPU.Build.0 = Release|Any CPU
		{A31C4EA5-DF70-4F91-A364-6F154125BF59}.Release|x64.ActiveCfg = Release|Any CPU
		{A31C4EA5-DF70-4F91-A364-6F154125BF59}.Release|x64.Build.0 = Release|Any CPU
		{A31C4EA5-DF70-4F91-A364-6F154125BF59}.Release|x86.ActiveCfg = Release|Any CPU
		{A31C4EA5-DF70-4F91-A364-6F154125BF59}.Release|x86.Build.0 = Release|Any CPU
		{CBDB0AA8-9B1B-469C-9D1B-8E9939E44980}.Debug|Any CPU.ActiveCfg = Debug|Any CPU
		{CBDB0AA8-9B1B-469C-9D1B-8E9939E44980}.Debug|Any CPU.Build.0 = Debug|Any CPU
		{CBDB0AA8-9B1B-469C-9D1B-8E9939E44980}.Debug|x64.ActiveCfg = Debug|Any CPU
		{CBDB0AA8-9B1B-469C-9D1B-8E9939E44980}.Debug|x64.Build.0 = Debug|Any CPU
		{CBDB0AA8-9B1B-469C-9D1B-8E9939E44980}.Debug|x86.ActiveCfg = Debug|Any CPU
		{CBDB0AA8-9B1B-469C-9D1B-8E9939E44980}.Debug|x86.Build.0 = Debug|Any CPU
		{CBDB0AA8-9B1B-469C-9D1B-8E9939E44980}.Release|Any CPU.ActiveCfg = Release|Any CPU
		{CBDB0AA8-9B1B-469C-9D1B-8E9939E44980}.Release|Any CPU.Build.0 = Release|Any CPU
		{CBDB0AA8-9B1B-469C-9D1B-8E9939E44980}.Release|x64.ActiveCfg = Release|Any CPU
		{CBDB0AA8-9B1B-469C-9D1B-8E9939E44980}.Release|x64.Build.0 = Release|Any CPU
		{CBDB0AA8-9B1B-469C-9D1B-8E9939E44980}.Release|x86.ActiveCfg = Release|Any CPU
		{CBDB0AA8-9B1B-469C-9D1B-8E9939E44980}.Release|x86.Build.0 = Release|Any CPU
		{31566BBA-6F76-43C5-B135-3220E0C5BCF4}.Debug|Any CPU.ActiveCfg = Debug|Any CPU
		{31566BBA-6F76-43C5-B135-3220E0C5BCF4}.Debug|Any CPU.Build.0 = Debug|Any CPU
		{31566BBA-6F76-43C5-B135-3220E0C5BCF4}.Debug|x64.ActiveCfg = Debug|Any CPU
		{31566BBA-6F76-43C5-B135-3220E0C5BCF4}.Debug|x64.Build.0 = Debug|Any CPU
		{31566BBA-6F76-43C5-B135-3220E0C5BCF4}.Debug|x86.ActiveCfg = Debug|Any CPU
		{31566BBA-6F76-43C5-B135-3220E0C5BCF4}.Debug|x86.Build.0 = Debug|Any CPU
		{31566BBA-6F76-43C5-B135-3220E0C5BCF4}.Release|Any CPU.ActiveCfg = Release|Any CPU
		{31566BBA-6F76-43C5-B135-3220E0C5BCF4}.Release|Any CPU.Build.0 = Release|Any CPU
		{31566BBA-6F76-43C5-B135-3220E0C5BCF4}.Release|x64.ActiveCfg = Release|Any CPU
		{31566BBA-6F76-43C5-B135-3220E0C5BCF4}.Release|x64.Build.0 = Release|Any CPU
		{31566BBA-6F76-43C5-B135-3220E0C5BCF4}.Release|x86.ActiveCfg = Release|Any CPU
		{31566BBA-6F76-43C5-B135-3220E0C5BCF4}.Release|x86.Build.0 = Release|Any CPU
		{307E1BF3-9640-4592-B0EA-2BFF00E97021}.Debug|Any CPU.ActiveCfg = Debug|Any CPU
		{307E1BF3-9640-4592-B0EA-2BFF00E97021}.Debug|Any CPU.Build.0 = Debug|Any CPU
		{307E1BF3-9640-4592-B0EA-2BFF00E97021}.Debug|x64.ActiveCfg = Debug|Any CPU
		{307E1BF3-9640-4592-B0EA-2BFF00E97021}.Debug|x64.Build.0 = Debug|Any CPU
		{307E1BF3-9640-4592-B0EA-2BFF00E97021}.Debug|x86.ActiveCfg = Debug|Any CPU
		{307E1BF3-9640-4592-B0EA-2BFF00E97021}.Debug|x86.Build.0 = Debug|Any CPU
		{307E1BF3-9640-4592-B0EA-2BFF00E97021}.Release|Any CPU.ActiveCfg = Release|Any CPU
		{307E1BF3-9640-4592-B0EA-2BFF00E97021}.Release|Any CPU.Build.0 = Release|Any CPU
		{307E1BF3-9640-4592-B0EA-2BFF00E97021}.Release|x64.ActiveCfg = Release|Any CPU
		{307E1BF3-9640-4592-B0EA-2BFF00E97021}.Release|x64.Build.0 = Release|Any CPU
		{307E1BF3-9640-4592-B0EA-2BFF00E97021}.Release|x86.ActiveCfg = Release|Any CPU
		{307E1BF3-9640-4592-B0EA-2BFF00E97021}.Release|x86.Build.0 = Release|Any CPU
		{2E5828CA-947F-4BC4-8AD8-EB5A39E47465}.Debug|Any CPU.ActiveCfg = Debug|Any CPU
		{2E5828CA-947F-4BC4-8AD8-EB5A39E47465}.Debug|Any CPU.Build.0 = Debug|Any CPU
		{2E5828CA-947F-4BC4-8AD8-EB5A39E47465}.Debug|x64.ActiveCfg = Debug|Any CPU
		{2E5828CA-947F-4BC4-8AD8-EB5A39E47465}.Debug|x64.Build.0 = Debug|Any CPU
		{2E5828CA-947F-4BC4-8AD8-EB5A39E47465}.Debug|x86.ActiveCfg = Debug|Any CPU
		{2E5828CA-947F-4BC4-8AD8-EB5A39E47465}.Debug|x86.Build.0 = Debug|Any CPU
		{2E5828CA-947F-4BC4-8AD8-EB5A39E47465}.Release|Any CPU.ActiveCfg = Release|Any CPU
		{2E5828CA-947F-4BC4-8AD8-EB5A39E47465}.Release|Any CPU.Build.0 = Release|Any CPU
		{2E5828CA-947F-4BC4-8AD8-EB5A39E47465}.Release|x64.ActiveCfg = Release|Any CPU
		{2E5828CA-947F-4BC4-8AD8-EB5A39E47465}.Release|x64.Build.0 = Release|Any CPU
		{2E5828CA-947F-4BC4-8AD8-EB5A39E47465}.Release|x86.ActiveCfg = Release|Any CPU
		{2E5828CA-947F-4BC4-8AD8-EB5A39E47465}.Release|x86.Build.0 = Release|Any CPU
	EndGlobalSection
	GlobalSection(SolutionProperties) = preSolution
		HideSolutionNode = FALSE
	EndGlobalSection
	GlobalSection(NestedProjects) = preSolution
		{0997AEA9-6ABB-4E36-BB23-089019F7EDD9} = {DAD39D10-2A28-4324-BDE1-00C095825A4C}
		{392D27B9-C2F1-49A8-8B9B-190C2B67CDE2} = {DAD39D10-2A28-4324-BDE1-00C095825A4C}
		{4C770AC5-888F-4443-AA3C-57BFF4E928E8} = {DAD39D10-2A28-4324-BDE1-00C095825A4C}
		{9CA8C5F8-496D-46FB-820E-EF789C46A2A1} = {DAD39D10-2A28-4324-BDE1-00C095825A4C}
		{8EA21C60-3F30-470C-A363-BB69B226DCBE} = {DAD39D10-2A28-4324-BDE1-00C095825A4C}
		{FCA2EA39-2E66-49B7-B66B-E652CB20C5D3} = {DAD39D10-2A28-4324-BDE1-00C095825A4C}
		{397DD51F-28F5-43CC-8F68-BBD66A6FA579} = {DAD39D10-2A28-4324-BDE1-00C095825A4C}
		{7BCF5162-9F1E-4D7B-A4CF-A0AD2C5C0DFA} = {DAD39D10-2A28-4324-BDE1-00C095825A4C}
		{66E0F9CE-28E7-4ABA-8C48-1C3D13D22C0F} = {DAD39D10-2A28-4324-BDE1-00C095825A4C}
		{A6F28E06-1CA8-45B8-8AC1-0D77F7D804F7} = {DAD39D10-2A28-4324-BDE1-00C095825A4C}
		{533D2F12-1F78-47FE-8764-86D5E6F4D13B} = {DAD39D10-2A28-4324-BDE1-00C095825A4C}
		{D41D013C-F1B2-4E0E-A3A8-0935F5B3957D} = {DAD39D10-2A28-4324-BDE1-00C095825A4C}
		{502314BD-361B-4CDB-A874-889ADC590795} = {DAD39D10-2A28-4324-BDE1-00C095825A4C}
		{28A5A8E6-F8B4-44E3-AD9B-95765E30FA22} = {DAD39D10-2A28-4324-BDE1-00C095825A4C}
		{0FB0B223-42D3-4428-A77F-C5956C06A8F7} = {DAD39D10-2A28-4324-BDE1-00C095825A4C}
		{EAC19BE3-B181-4D1D-A8A8-8AED480E72EC} = {11F21E50-DB89-475D-ABBB-25AE499B517B}
		{4BC2A5F1-7EA9-410C-899B-C798C96A42BA} = {11F21E50-DB89-475D-ABBB-25AE499B517B}
		{5F74B300-BD1F-43D0-897F-58B854C25F88} = {11F21E50-DB89-475D-ABBB-25AE499B517B}
		{C3E1E9AE-BB70-4C20-8CE8-8B8845160E3E} = {11F21E50-DB89-475D-ABBB-25AE499B517B}
		{03CD07CD-2CDC-4BF9-B7C7-F36322C47A28} = {11F21E50-DB89-475D-ABBB-25AE499B517B}
		{00DE337E-C60B-4610-8230-E9DA337DC102} = {11F21E50-DB89-475D-ABBB-25AE499B517B}
		{A4DDCF65-BCD3-456C-B865-14EE5F839D1F} = {11F21E50-DB89-475D-ABBB-25AE499B517B}
		{CDD0A6FF-F433-491D-A642-A6FFDC89007C} = {11F21E50-DB89-475D-ABBB-25AE499B517B}
		{9C1E567C-00E6-4497-BB1E-C1A67578717C} = {11F21E50-DB89-475D-ABBB-25AE499B517B}
		{B8C89EC4-DE4A-4B0C-ACF9-0DE36B972A66} = {11F21E50-DB89-475D-ABBB-25AE499B517B}
		{3B0F937F-ECDB-4311-82D0-1359D9210E2A} = {11F21E50-DB89-475D-ABBB-25AE499B517B}
		{92F712F1-0FD9-4843-9088-27302BAAD7F0} = {11F21E50-DB89-475D-ABBB-25AE499B517B}
		{A31C4EA5-DF70-4F91-A364-6F154125BF59} = {11F21E50-DB89-475D-ABBB-25AE499B517B}
		{CBDB0AA8-9B1B-469C-9D1B-8E9939E44980} = {11F21E50-DB89-475D-ABBB-25AE499B517B}
		{31566BBA-6F76-43C5-B135-3220E0C5BCF4} = {11F21E50-DB89-475D-ABBB-25AE499B517B}
		{307E1BF3-9640-4592-B0EA-2BFF00E97021} = {11F21E50-DB89-475D-ABBB-25AE499B517B}
		{2E5828CA-947F-4BC4-8AD8-EB5A39E47465} = {11F21E50-DB89-475D-ABBB-25AE499B517B}
	EndGlobalSection
	GlobalSection(ExtensibilityGlobals) = postSolution
		SolutionGuid = {ACE16767-5D03-4823-A92F-EF550B6FE4A0}
	EndGlobalSection
EndGlobal
